// !$*UTF8*$!
{
	archiveVersion = 1;
	classes = {
	};
	objectVersion = 56;
	objects = {

/* Begin PBXBuildFile section */
		1A13E31E2C6740E600CAB6F7 /* Encodable+Ext.swift in Sources */ = {isa = PBXBuildFile; fileRef = 1A13E31D2C6740E600CAB6F7 /* Encodable+Ext.swift */; };
		1A13E3202C67410400CAB6F7 /* JsonDecoder+Ext.swift in Sources */ = {isa = PBXBuildFile; fileRef = 1A13E31F2C67410400CAB6F7 /* JsonDecoder+Ext.swift */; };
		1A13E3262C67616800CAB6F7 /* HomeView.swift in Sources */ = {isa = PBXBuildFile; fileRef = 1A13E3252C67616800CAB6F7 /* HomeView.swift */; };
		1A13E3292C67A37500CAB6F7 /* Kingfisher in Frameworks */ = {isa = PBXBuildFile; productRef = 1A13E3282C67A37500CAB6F7 /* Kingfisher */; };
		1A14EC842C627AD200095E93 /* ResultDto.swift in Sources */ = {isa = PBXBuildFile; fileRef = 1A14EC832C627AD200095E93 /* ResultDto.swift */; };
		1A14EC862C627C1500095E93 /* DependencyValues.swift in Sources */ = {isa = PBXBuildFile; fileRef = 1A14EC852C627C1500095E93 /* DependencyValues.swift */; };
		1A14EC902C628CE100095E93 /* APIClient.swift in Sources */ = {isa = PBXBuildFile; fileRef = 1A14EC8F2C628CE100095E93 /* APIClient.swift */; };
		1A14EC922C62A58B00095E93 /* KakaoAPI.swift in Sources */ = {isa = PBXBuildFile; fileRef = 1A14EC912C62A58B00095E93 /* KakaoAPI.swift */; };
		1A14EC952C63655300095E93 /* SignClient.swift in Sources */ = {isa = PBXBuildFile; fileRef = 1A14EC942C63655300095E93 /* SignClient.swift */; };
		1A6BE4F12C6687EF00B4C337 /* ComposableArchitecture in Frameworks */ = {isa = PBXBuildFile; productRef = 1A6BE4F02C6687EF00B4C337 /* ComposableArchitecture */; };
		1A6BE4F32C6687EF00B4C337 /* TCACoordinators in Frameworks */ = {isa = PBXBuildFile; productRef = 1A6BE4F22C6687EF00B4C337 /* TCACoordinators */; };
		1A6BE4F52C6687EF00B4C337 /* KakaoSDK in Frameworks */ = {isa = PBXBuildFile; productRef = 1A6BE4F42C6687EF00B4C337 /* KakaoSDK */; };
		1A6BE4F72C6687EF00B4C337 /* Alamofire in Frameworks */ = {isa = PBXBuildFile; productRef = 1A6BE4F62C6687EF00B4C337 /* Alamofire */; };
		1AA2CC092C4BA82F00CD05AF /* SignView.swift in Sources */ = {isa = PBXBuildFile; fileRef = 1AA2CC082C4BA82F00CD05AF /* SignView.swift */; };
		1AA2CC0D2C4BA96E00CD05AF /* ProfileView.swift in Sources */ = {isa = PBXBuildFile; fileRef = 1AA2CC0C2C4BA96E00CD05AF /* ProfileView.swift */; };
		1AA2CC0F2C4BAC2B00CD05AF /* SignFeature.swift in Sources */ = {isa = PBXBuildFile; fileRef = 1AA2CC0E2C4BAC2B00CD05AF /* SignFeature.swift */; };
		1AA9E6FB2C759097008A8A08 /* GoogleMobileAds in Frameworks */ = {isa = PBXBuildFile; productRef = 1AA9E6FA2C759097008A8A08 /* GoogleMobileAds */; };
		1AA9E6FE2C7714F5008A8A08 /* AdMobView.swift in Sources */ = {isa = PBXBuildFile; fileRef = 1AA9E6FD2C7714F5008A8A08 /* AdMobView.swift */; };
		1ABBB10C2C495D0E0077EBA9 /* ConnectifyApp.swift in Sources */ = {isa = PBXBuildFile; fileRef = 1ABBB10B2C495D0E0077EBA9 /* ConnectifyApp.swift */; };
		1ABBB10E2C495D0E0077EBA9 /* CounterView.swift in Sources */ = {isa = PBXBuildFile; fileRef = 1ABBB10D2C495D0E0077EBA9 /* CounterView.swift */; };
		1ABBB1102C495D0F0077EBA9 /* Assets.xcassets in Resources */ = {isa = PBXBuildFile; fileRef = 1ABBB10F2C495D0F0077EBA9 /* Assets.xcassets */; };
		1ABBB1142C495D0F0077EBA9 /* Preview Assets.xcassets in Resources */ = {isa = PBXBuildFile; fileRef = 1ABBB1132C495D0F0077EBA9 /* Preview Assets.xcassets */; };
		1ABBB11E2C495D0F0077EBA9 /* ConnectifyTests.swift in Sources */ = {isa = PBXBuildFile; fileRef = 1ABBB11D2C495D0F0077EBA9 /* ConnectifyTests.swift */; };
		1ABBB1282C495D0F0077EBA9 /* ConnectifyUITests.swift in Sources */ = {isa = PBXBuildFile; fileRef = 1ABBB1272C495D0F0077EBA9 /* ConnectifyUITests.swift */; };
		1ABBB12A2C495D0F0077EBA9 /* ConnectifyUITestsLaunchTests.swift in Sources */ = {isa = PBXBuildFile; fileRef = 1ABBB1292C495D0F0077EBA9 /* ConnectifyUITestsLaunchTests.swift */; };
		1ABBB1382C4967B10077EBA9 /* CounterFeature.swift in Sources */ = {isa = PBXBuildFile; fileRef = 1ABBB1372C4967B10077EBA9 /* CounterFeature.swift */; };
		1AC6B3BE2C7C7EC800AF5830 /* HomeFeature.swift in Sources */ = {isa = PBXBuildFile; fileRef = 1AC6B3BD2C7C7EC800AF5830 /* HomeFeature.swift */; };
		1AC6B3C02C7D89F500AF5830 /* HomeClient.swift in Sources */ = {isa = PBXBuildFile; fileRef = 1AC6B3BF2C7D89F500AF5830 /* HomeClient.swift */; };
		1AD074762C7DCACE00F6B784 /* Date+Ext.swift in Sources */ = {isa = PBXBuildFile; fileRef = 1AD074752C7DCACE00F6B784 /* Date+Ext.swift */; };
		1AD0747A2C7E04D100F6B784 /* MemberProfileView.swift in Sources */ = {isa = PBXBuildFile; fileRef = 1AD074792C7E04D100F6B784 /* MemberProfileView.swift */; };
		1AD3CC662C7F6BFB00710058 /* FlexibleChipsView.swift in Sources */ = {isa = PBXBuildFile; fileRef = 1AD3CC652C7F6BFB00710058 /* FlexibleChipsView.swift */; };
		1AD3CC682C7F781A00710058 /* MemberDto.swift in Sources */ = {isa = PBXBuildFile; fileRef = 1AD3CC672C7F781A00710058 /* MemberDto.swift */; };
		1AD69E862C7E16F700E3EC67 /* Localizable.strings in Resources */ = {isa = PBXBuildFile; fileRef = 1AD69E842C7E16F700E3EC67 /* Localizable.strings */; };
		1AD69E8A2C7E194D00E3EC67 /* Localized.swift in Sources */ = {isa = PBXBuildFile; fileRef = 1AD69E892C7E194D00E3EC67 /* Localized.swift */; };
		1AD69E8C2C7E1EC100E3EC67 /* String+Ext.swift in Sources */ = {isa = PBXBuildFile; fileRef = 1AD69E8B2C7E1EC100E3EC67 /* String+Ext.swift */; };
		1ADBD50E2C503EBE00E248D3 /* GlobalEventService.swift in Sources */ = {isa = PBXBuildFile; fileRef = 1ADBD50D2C503EBE00E248D3 /* GlobalEventService.swift */; };
		1ADBD5102C50488A00E248D3 /* CancelBag.swift in Sources */ = {isa = PBXBuildFile; fileRef = 1ADBD50F2C50488A00E248D3 /* CancelBag.swift */; };
		1ADBD5122C50DA2000E248D3 /* SettingView.swift in Sources */ = {isa = PBXBuildFile; fileRef = 1ADBD5112C50DA2000E248D3 /* SettingView.swift */; };
		1ADBD5142C50DEBB00E248D3 /* SettingFeature.swift in Sources */ = {isa = PBXBuildFile; fileRef = 1ADBD5132C50DEBB00E248D3 /* SettingFeature.swift */; };
		1AE3D7312C636E0500412398 /* KakaoView.swift in Sources */ = {isa = PBXBuildFile; fileRef = 1AE3D7302C636E0500412398 /* KakaoView.swift */; };
		1AE3D7332C6375F200412398 /* KeychainHelper.swift in Sources */ = {isa = PBXBuildFile; fileRef = 1AE3D7322C6375F200412398 /* KeychainHelper.swift */; };
		1AF086F52C4E6CA800CD7871 /* AppView.swift in Sources */ = {isa = PBXBuildFile; fileRef = 1AF086F42C4E6CA800CD7871 /* AppView.swift */; };
		1AF086F72C4E980D00CD7871 /* SignCoordinator.swift in Sources */ = {isa = PBXBuildFile; fileRef = 1AF086F62C4E980D00CD7871 /* SignCoordinator.swift */; };
		1AF086F92C4E98DC00CD7871 /* MainCoordinator.swift in Sources */ = {isa = PBXBuildFile; fileRef = 1AF086F82C4E98DC00CD7871 /* MainCoordinator.swift */; };
		1AF086FB2C4E9D1600CD7871 /* SignScreen+Identifiable.swift in Sources */ = {isa = PBXBuildFile; fileRef = 1AF086FA2C4E9D1600CD7871 /* SignScreen+Identifiable.swift */; };
		1AF087092C4FF08200CD7871 /* AppFeature.swift in Sources */ = {isa = PBXBuildFile; fileRef = 1AF087082C4FF08200CD7871 /* AppFeature.swift */; };
		1AF0870F2C50036400CD7871 /* AccountCoordinatorView.swift in Sources */ = {isa = PBXBuildFile; fileRef = 1AF0870E2C50036400CD7871 /* AccountCoordinatorView.swift */; };
		1AF087112C5003E900CD7871 /* AccountScreen+Identifiable.swift in Sources */ = {isa = PBXBuildFile; fileRef = 1AF087102C5003E900CD7871 /* AccountScreen+Identifiable.swift */; };
		1AF087152C50117C00CD7871 /* ProfileFeature.swift in Sources */ = {isa = PBXBuildFile; fileRef = 1AF087142C50117C00CD7871 /* ProfileFeature.swift */; };
/* End PBXBuildFile section */

/* Begin PBXContainerItemProxy section */
		1ABBB11A2C495D0F0077EBA9 /* PBXContainerItemProxy */ = {
			isa = PBXContainerItemProxy;
			containerPortal = 1ABBB1002C495D0E0077EBA9 /* Project object */;
			proxyType = 1;
			remoteGlobalIDString = 1ABBB1072C495D0E0077EBA9;
			remoteInfo = Connectify;
		};
		1ABBB1242C495D0F0077EBA9 /* PBXContainerItemProxy */ = {
			isa = PBXContainerItemProxy;
			containerPortal = 1ABBB1002C495D0E0077EBA9 /* Project object */;
			proxyType = 1;
			remoteGlobalIDString = 1ABBB1072C495D0E0077EBA9;
			remoteInfo = Connectify;
		};
/* End PBXContainerItemProxy section */

/* Begin PBXCopyFilesBuildPhase section */
		1A14EC802C6274CF00095E93 /* Embed Frameworks */ = {
			isa = PBXCopyFilesBuildPhase;
			buildActionMask = 2147483647;
			dstPath = "";
			dstSubfolderSpec = 10;
			files = (
			);
			name = "Embed Frameworks";
			runOnlyForDeploymentPostprocessing = 0;
		};
/* End PBXCopyFilesBuildPhase section */

/* Begin PBXFileReference section */
		1A13E31D2C6740E600CAB6F7 /* Encodable+Ext.swift */ = {isa = PBXFileReference; lastKnownFileType = sourcecode.swift; path = "Encodable+Ext.swift"; sourceTree = "<group>"; };
		1A13E31F2C67410400CAB6F7 /* JsonDecoder+Ext.swift */ = {isa = PBXFileReference; lastKnownFileType = sourcecode.swift; path = "JsonDecoder+Ext.swift"; sourceTree = "<group>"; };
		1A13E3252C67616800CAB6F7 /* HomeView.swift */ = {isa = PBXFileReference; lastKnownFileType = sourcecode.swift; path = HomeView.swift; sourceTree = "<group>"; };
		1A14EC832C627AD200095E93 /* ResultDto.swift */ = {isa = PBXFileReference; lastKnownFileType = sourcecode.swift; path = ResultDto.swift; sourceTree = "<group>"; };
		1A14EC852C627C1500095E93 /* DependencyValues.swift */ = {isa = PBXFileReference; lastKnownFileType = sourcecode.swift; path = DependencyValues.swift; sourceTree = "<group>"; };
		1A14EC8F2C628CE100095E93 /* APIClient.swift */ = {isa = PBXFileReference; lastKnownFileType = sourcecode.swift; path = APIClient.swift; sourceTree = "<group>"; };
		1A14EC912C62A58B00095E93 /* KakaoAPI.swift */ = {isa = PBXFileReference; lastKnownFileType = sourcecode.swift; path = KakaoAPI.swift; sourceTree = "<group>"; };
		1A14EC932C635B7200095E93 /* Secrets.xcconfig */ = {isa = PBXFileReference; lastKnownFileType = text.xcconfig; path = Secrets.xcconfig; sourceTree = "<group>"; };
		1A14EC942C63655300095E93 /* SignClient.swift */ = {isa = PBXFileReference; lastKnownFileType = sourcecode.swift; path = SignClient.swift; sourceTree = "<group>"; };
		1A5487492C49808600A52A00 /* Info.plist */ = {isa = PBXFileReference; lastKnownFileType = text.plist; path = Info.plist; sourceTree = "<group>"; };
		1AA2CC082C4BA82F00CD05AF /* SignView.swift */ = {isa = PBXFileReference; lastKnownFileType = sourcecode.swift; path = SignView.swift; sourceTree = "<group>"; };
		1AA2CC0C2C4BA96E00CD05AF /* ProfileView.swift */ = {isa = PBXFileReference; lastKnownFileType = sourcecode.swift; path = ProfileView.swift; sourceTree = "<group>"; };
		1AA2CC0E2C4BAC2B00CD05AF /* SignFeature.swift */ = {isa = PBXFileReference; lastKnownFileType = sourcecode.swift; path = SignFeature.swift; sourceTree = "<group>"; usesTabs = 1; };
		1AA9E6FD2C7714F5008A8A08 /* AdMobView.swift */ = {isa = PBXFileReference; lastKnownFileType = sourcecode.swift; path = AdMobView.swift; sourceTree = "<group>"; };
		1ABBB1082C495D0E0077EBA9 /* Connectify.app */ = {isa = PBXFileReference; explicitFileType = wrapper.application; includeInIndex = 0; path = Connectify.app; sourceTree = BUILT_PRODUCTS_DIR; };
		1ABBB10B2C495D0E0077EBA9 /* ConnectifyApp.swift */ = {isa = PBXFileReference; lastKnownFileType = sourcecode.swift; path = ConnectifyApp.swift; sourceTree = "<group>"; };
		1ABBB10D2C495D0E0077EBA9 /* CounterView.swift */ = {isa = PBXFileReference; lastKnownFileType = sourcecode.swift; path = CounterView.swift; sourceTree = "<group>"; };
		1ABBB10F2C495D0F0077EBA9 /* Assets.xcassets */ = {isa = PBXFileReference; lastKnownFileType = folder.assetcatalog; path = Assets.xcassets; sourceTree = "<group>"; };
		1ABBB1112C495D0F0077EBA9 /* Connectify.entitlements */ = {isa = PBXFileReference; lastKnownFileType = text.plist.entitlements; path = Connectify.entitlements; sourceTree = "<group>"; };
		1ABBB1132C495D0F0077EBA9 /* Preview Assets.xcassets */ = {isa = PBXFileReference; lastKnownFileType = folder.assetcatalog; path = "Preview Assets.xcassets"; sourceTree = "<group>"; };
		1ABBB1192C495D0F0077EBA9 /* ConnectifyTests.xctest */ = {isa = PBXFileReference; explicitFileType = wrapper.cfbundle; includeInIndex = 0; path = ConnectifyTests.xctest; sourceTree = BUILT_PRODUCTS_DIR; };
		1ABBB11D2C495D0F0077EBA9 /* ConnectifyTests.swift */ = {isa = PBXFileReference; lastKnownFileType = sourcecode.swift; path = ConnectifyTests.swift; sourceTree = "<group>"; };
		1ABBB1232C495D0F0077EBA9 /* ConnectifyUITests.xctest */ = {isa = PBXFileReference; explicitFileType = wrapper.cfbundle; includeInIndex = 0; path = ConnectifyUITests.xctest; sourceTree = BUILT_PRODUCTS_DIR; };
		1ABBB1272C495D0F0077EBA9 /* ConnectifyUITests.swift */ = {isa = PBXFileReference; lastKnownFileType = sourcecode.swift; path = ConnectifyUITests.swift; sourceTree = "<group>"; };
		1ABBB1292C495D0F0077EBA9 /* ConnectifyUITestsLaunchTests.swift */ = {isa = PBXFileReference; lastKnownFileType = sourcecode.swift; path = ConnectifyUITestsLaunchTests.swift; sourceTree = "<group>"; };
		1ABBB1372C4967B10077EBA9 /* CounterFeature.swift */ = {isa = PBXFileReference; lastKnownFileType = sourcecode.swift; path = CounterFeature.swift; sourceTree = "<group>"; };
		1AC6B3BD2C7C7EC800AF5830 /* HomeFeature.swift */ = {isa = PBXFileReference; lastKnownFileType = sourcecode.swift; path = HomeFeature.swift; sourceTree = "<group>"; };
		1AC6B3BF2C7D89F500AF5830 /* HomeClient.swift */ = {isa = PBXFileReference; lastKnownFileType = sourcecode.swift; path = HomeClient.swift; sourceTree = "<group>"; };
		1AD074752C7DCACE00F6B784 /* Date+Ext.swift */ = {isa = PBXFileReference; lastKnownFileType = sourcecode.swift; path = "Date+Ext.swift"; sourceTree = "<group>"; };
		1AD074792C7E04D100F6B784 /* MemberProfileView.swift */ = {isa = PBXFileReference; lastKnownFileType = sourcecode.swift; path = MemberProfileView.swift; sourceTree = "<group>"; };
		1AD3CC652C7F6BFB00710058 /* FlexibleChipsView.swift */ = {isa = PBXFileReference; lastKnownFileType = sourcecode.swift; path = FlexibleChipsView.swift; sourceTree = "<group>"; };
		1AD3CC672C7F781A00710058 /* MemberDto.swift */ = {isa = PBXFileReference; lastKnownFileType = sourcecode.swift; path = MemberDto.swift; sourceTree = "<group>"; };
		1AD69E852C7E16F700E3EC67 /* en */ = {isa = PBXFileReference; lastKnownFileType = text.plist.strings; name = en; path = en.lproj/Localizable.strings; sourceTree = "<group>"; };
		1AD69E872C7E16FB00E3EC67 /* ko */ = {isa = PBXFileReference; lastKnownFileType = text.plist.strings; name = ko; path = ko.lproj/Localizable.strings; sourceTree = "<group>"; };
		1AD69E892C7E194D00E3EC67 /* Localized.swift */ = {isa = PBXFileReference; lastKnownFileType = sourcecode.swift; path = Localized.swift; sourceTree = "<group>"; };
		1AD69E8B2C7E1EC100E3EC67 /* String+Ext.swift */ = {isa = PBXFileReference; lastKnownFileType = sourcecode.swift; path = "String+Ext.swift"; sourceTree = "<group>"; };
		1ADBD50D2C503EBE00E248D3 /* GlobalEventService.swift */ = {isa = PBXFileReference; lastKnownFileType = sourcecode.swift; path = GlobalEventService.swift; sourceTree = "<group>"; };
		1ADBD50F2C50488A00E248D3 /* CancelBag.swift */ = {isa = PBXFileReference; fileEncoding = 4; lastKnownFileType = sourcecode.swift; path = CancelBag.swift; sourceTree = "<group>"; };
		1ADBD5112C50DA2000E248D3 /* SettingView.swift */ = {isa = PBXFileReference; fileEncoding = 4; lastKnownFileType = sourcecode.swift; path = SettingView.swift; sourceTree = "<group>"; };
		1ADBD5132C50DEBB00E248D3 /* SettingFeature.swift */ = {isa = PBXFileReference; lastKnownFileType = sourcecode.swift; path = SettingFeature.swift; sourceTree = "<group>"; };
		1AE3D7302C636E0500412398 /* KakaoView.swift */ = {isa = PBXFileReference; lastKnownFileType = sourcecode.swift; path = KakaoView.swift; sourceTree = "<group>"; };
		1AE3D7322C6375F200412398 /* KeychainHelper.swift */ = {isa = PBXFileReference; lastKnownFileType = sourcecode.swift; path = KeychainHelper.swift; sourceTree = "<group>"; };
		1AF086F42C4E6CA800CD7871 /* AppView.swift */ = {isa = PBXFileReference; fileEncoding = 4; lastKnownFileType = sourcecode.swift; path = AppView.swift; sourceTree = "<group>"; };
		1AF086F62C4E980D00CD7871 /* SignCoordinator.swift */ = {isa = PBXFileReference; lastKnownFileType = sourcecode.swift; path = SignCoordinator.swift; sourceTree = "<group>"; };
		1AF086F82C4E98DC00CD7871 /* MainCoordinator.swift */ = {isa = PBXFileReference; lastKnownFileType = sourcecode.swift; path = MainCoordinator.swift; sourceTree = "<group>"; usesTabs = 1; };
		1AF086FA2C4E9D1600CD7871 /* SignScreen+Identifiable.swift */ = {isa = PBXFileReference; lastKnownFileType = sourcecode.swift; path = "SignScreen+Identifiable.swift"; sourceTree = "<group>"; };
		1AF087082C4FF08200CD7871 /* AppFeature.swift */ = {isa = PBXFileReference; lastKnownFileType = sourcecode.swift; path = AppFeature.swift; sourceTree = "<group>"; };
		1AF0870E2C50036400CD7871 /* AccountCoordinatorView.swift */ = {isa = PBXFileReference; lastKnownFileType = sourcecode.swift; path = AccountCoordinatorView.swift; sourceTree = "<group>"; };
		1AF087102C5003E900CD7871 /* AccountScreen+Identifiable.swift */ = {isa = PBXFileReference; fileEncoding = 4; lastKnownFileType = sourcecode.swift; path = "AccountScreen+Identifiable.swift"; sourceTree = "<group>"; };
		1AF087142C50117C00CD7871 /* ProfileFeature.swift */ = {isa = PBXFileReference; lastKnownFileType = sourcecode.swift; path = ProfileFeature.swift; sourceTree = "<group>"; };
/* End PBXFileReference section */

/* Begin PBXFrameworksBuildPhase section */
		1ABBB1052C495D0E0077EBA9 /* Frameworks */ = {
			isa = PBXFrameworksBuildPhase;
			buildActionMask = 2147483647;
			files = (
				1AA9E6FB2C759097008A8A08 /* GoogleMobileAds in Frameworks */,
				1A6BE4F32C6687EF00B4C337 /* TCACoordinators in Frameworks */,
				1A6BE4F72C6687EF00B4C337 /* Alamofire in Frameworks */,
				1A6BE4F12C6687EF00B4C337 /* ComposableArchitecture in Frameworks */,
				1A6BE4F52C6687EF00B4C337 /* KakaoSDK in Frameworks */,
				1A13E3292C67A37500CAB6F7 /* Kingfisher in Frameworks */,
			);
			runOnlyForDeploymentPostprocessing = 0;
		};
		1ABBB1162C495D0F0077EBA9 /* Frameworks */ = {
			isa = PBXFrameworksBuildPhase;
			buildActionMask = 2147483647;
			files = (
			);
			runOnlyForDeploymentPostprocessing = 0;
		};
		1ABBB1202C495D0F0077EBA9 /* Frameworks */ = {
			isa = PBXFrameworksBuildPhase;
			buildActionMask = 2147483647;
			files = (
			);
			runOnlyForDeploymentPostprocessing = 0;
		};
/* End PBXFrameworksBuildPhase section */

/* Begin PBXGroup section */
		1A13E3222C67425500CAB6F7 /* ExternalAPis */ = {
			isa = PBXGroup;
			children = (
				1A14EC912C62A58B00095E93 /* KakaoAPI.swift */,
			);
			path = ExternalAPis;
			sourceTree = "<group>";
		};
		1A13E3232C67426100CAB6F7 /* Models */ = {
			isa = PBXGroup;
			children = (
				1A14EC832C627AD200095E93 /* ResultDto.swift */,
				1AD3CC672C7F781A00710058 /* MemberDto.swift */,
			);
			path = Models;
			sourceTree = "<group>";
		};
		1A13E3242C67613300CAB6F7 /* Home */ = {
			isa = PBXGroup;
			children = (
				1A13E3252C67616800CAB6F7 /* HomeView.swift */,
				1AC6B3BD2C7C7EC800AF5830 /* HomeFeature.swift */,
				1AC6B3BF2C7D89F500AF5830 /* HomeClient.swift */,
				1AD074792C7E04D100F6B784 /* MemberProfileView.swift */,
			);
			path = Home;
			sourceTree = "<group>";
		};
		1A14EC872C627EE000095E93 /* Utils */ = {
			isa = PBXGroup;
			children = (
				1A13E31D2C6740E600CAB6F7 /* Encodable+Ext.swift */,
				1A13E31F2C67410400CAB6F7 /* JsonDecoder+Ext.swift */,
				1AE3D7322C6375F200412398 /* KeychainHelper.swift */,
				1AD074752C7DCACE00F6B784 /* Date+Ext.swift */,
				1AD69E8B2C7E1EC100E3EC67 /* String+Ext.swift */,
			);
			path = Utils;
			sourceTree = "<group>";
		};
		1A14EC8E2C628C9D00095E93 /* Environment */ = {
			isa = PBXGroup;
			children = (
				1A14EC852C627C1500095E93 /* DependencyValues.swift */,
				1A14EC8F2C628CE100095E93 /* APIClient.swift */,
				1A13E3232C67426100CAB6F7 /* Models */,
				1A13E3222C67425500CAB6F7 /* ExternalAPis */,
			);
			path = Environment;
			sourceTree = "<group>";
		};
		1ABBB0FF2C495D0E0077EBA9 = {
			isa = PBXGroup;
			children = (
				1ABBB10A2C495D0E0077EBA9 /* Connectify */,
				1ABBB11C2C495D0F0077EBA9 /* ConnectifyTests */,
				1ABBB1262C495D0F0077EBA9 /* ConnectifyUITests */,
				1ABBB1092C495D0E0077EBA9 /* Products */,
				1ABBB1392C496B600077EBA9 /* Frameworks */,
			);
			sourceTree = "<group>";
		};
		1ABBB1092C495D0E0077EBA9 /* Products */ = {
			isa = PBXGroup;
			children = (
				1ABBB1082C495D0E0077EBA9 /* Connectify.app */,
				1ABBB1192C495D0F0077EBA9 /* ConnectifyTests.xctest */,
				1ABBB1232C495D0F0077EBA9 /* ConnectifyUITests.xctest */,
			);
			name = Products;
			sourceTree = "<group>";
		};
		1ABBB10A2C495D0E0077EBA9 /* Connectify */ = {
			isa = PBXGroup;
			children = (
				1AF086F12C4E684600CD7871 /* Sample */,
				1ABBB10B2C495D0E0077EBA9 /* ConnectifyApp.swift */,
				1AF086F42C4E6CA800CD7871 /* AppView.swift */,
				1AF087082C4FF08200CD7871 /* AppFeature.swift */,
				1A14EC8E2C628C9D00095E93 /* Environment */,
				1AF0870A2C4FF0D200CD7871 /* Sign */,
				1AF0870B2C4FF0DA00CD7871 /* Main */,
				1A13E3242C67613300CAB6F7 /* Home */,
				1AF087122C5007F500CD7871 /* Account */,
				1ADBD50D2C503EBE00E248D3 /* GlobalEventService.swift */,
				1ADBD50F2C50488A00E248D3 /* CancelBag.swift */,
				1AD3CC642C7F6BDF00710058 /* CustomViews */,
				1A14EC872C627EE000095E93 /* Utils */,
				1ABBB10F2C495D0F0077EBA9 /* Assets.xcassets */,
				1AD69E842C7E16F700E3EC67 /* Localizable.strings */,
				1AD69E892C7E194D00E3EC67 /* Localized.swift */,
				1ABBB1112C495D0F0077EBA9 /* Connectify.entitlements */,
				1A5487492C49808600A52A00 /* Info.plist */,
				1A14EC932C635B7200095E93 /* Secrets.xcconfig */,
				1ABBB1122C495D0F0077EBA9 /* Preview Content */,
			);
			path = Connectify;
			sourceTree = "<group>";
		};
		1ABBB1122C495D0F0077EBA9 /* Preview Content */ = {
			isa = PBXGroup;
			children = (
				1ABBB1132C495D0F0077EBA9 /* Preview Assets.xcassets */,
			);
			path = "Preview Content";
			sourceTree = "<group>";
		};
		1ABBB11C2C495D0F0077EBA9 /* ConnectifyTests */ = {
			isa = PBXGroup;
			children = (
				1ABBB11D2C495D0F0077EBA9 /* ConnectifyTests.swift */,
			);
			path = ConnectifyTests;
			sourceTree = "<group>";
		};
		1ABBB1262C495D0F0077EBA9 /* ConnectifyUITests */ = {
			isa = PBXGroup;
			children = (
				1ABBB1272C495D0F0077EBA9 /* ConnectifyUITests.swift */,
				1ABBB1292C495D0F0077EBA9 /* ConnectifyUITestsLaunchTests.swift */,
			);
			path = ConnectifyUITests;
			sourceTree = "<group>";
		};
		1ABBB1392C496B600077EBA9 /* Frameworks */ = {
			isa = PBXGroup;
			children = (
			);
			name = Frameworks;
			sourceTree = "<group>";
		};
		1AD3CC642C7F6BDF00710058 /* CustomViews */ = {
			isa = PBXGroup;
			children = (
				1AD3CC652C7F6BFB00710058 /* FlexibleChipsView.swift */,
			);
			path = CustomViews;
			sourceTree = "<group>";
		};
		1AF086F12C4E684600CD7871 /* Sample */ = {
			isa = PBXGroup;
			children = (
				1ABBB10D2C495D0E0077EBA9 /* CounterView.swift */,
				1ABBB1372C4967B10077EBA9 /* CounterFeature.swift */,
			);
			path = Sample;
			sourceTree = "<group>";
		};
		1AF0870A2C4FF0D200CD7871 /* Sign */ = {
			isa = PBXGroup;
			children = (
				1AF086F62C4E980D00CD7871 /* SignCoordinator.swift */,
				1AF086FA2C4E9D1600CD7871 /* SignScreen+Identifiable.swift */,
				1AA2CC082C4BA82F00CD05AF /* SignView.swift */,
				1AA2CC0E2C4BAC2B00CD05AF /* SignFeature.swift */,
				1A14EC942C63655300095E93 /* SignClient.swift */,
				1AE3D7302C636E0500412398 /* KakaoView.swift */,
			);
			path = Sign;
			sourceTree = "<group>";
		};
		1AF0870B2C4FF0DA00CD7871 /* Main */ = {
			isa = PBXGroup;
			children = (
				1AF086F82C4E98DC00CD7871 /* MainCoordinator.swift */,
			);
			path = Main;
			sourceTree = "<group>";
		};
		1AF087122C5007F500CD7871 /* Account */ = {
			isa = PBXGroup;
			children = (
				1AF0870E2C50036400CD7871 /* AccountCoordinatorView.swift */,
				1AF087102C5003E900CD7871 /* AccountScreen+Identifiable.swift */,
				1AA2CC0C2C4BA96E00CD05AF /* ProfileView.swift */,
				1AF087142C50117C00CD7871 /* ProfileFeature.swift */,
				1ADBD5112C50DA2000E248D3 /* SettingView.swift */,
				1ADBD5132C50DEBB00E248D3 /* SettingFeature.swift */,
				1AA9E6FD2C7714F5008A8A08 /* AdMobView.swift */,
			);
			path = Account;
			sourceTree = "<group>";
		};
/* End PBXGroup section */

/* Begin PBXNativeTarget section */
		1ABBB1072C495D0E0077EBA9 /* Connectify */ = {
			isa = PBXNativeTarget;
			buildConfigurationList = 1ABBB12D2C495D0F0077EBA9 /* Build configuration list for PBXNativeTarget "Connectify" */;
			buildPhases = (
				1ABBB1042C495D0E0077EBA9 /* Sources */,
				1ABBB1052C495D0E0077EBA9 /* Frameworks */,
				1ABBB1062C495D0E0077EBA9 /* Resources */,
				1A14EC802C6274CF00095E93 /* Embed Frameworks */,
			);
			buildRules = (
			);
			dependencies = (
			);
			name = Connectify;
			packageProductDependencies = (
				1A6BE4F02C6687EF00B4C337 /* ComposableArchitecture */,
				1A6BE4F22C6687EF00B4C337 /* TCACoordinators */,
				1A6BE4F42C6687EF00B4C337 /* KakaoSDK */,
				1A6BE4F62C6687EF00B4C337 /* Alamofire */,
				1A13E3282C67A37500CAB6F7 /* Kingfisher */,
				1AA9E6FA2C759097008A8A08 /* GoogleMobileAds */,
			);
			productName = Connectify;
			productReference = 1ABBB1082C495D0E0077EBA9 /* Connectify.app */;
			productType = "com.apple.product-type.application";
		};
		1ABBB1182C495D0F0077EBA9 /* ConnectifyTests */ = {
			isa = PBXNativeTarget;
			buildConfigurationList = 1ABBB1302C495D0F0077EBA9 /* Build configuration list for PBXNativeTarget "ConnectifyTests" */;
			buildPhases = (
				1ABBB1152C495D0F0077EBA9 /* Sources */,
				1ABBB1162C495D0F0077EBA9 /* Frameworks */,
				1ABBB1172C495D0F0077EBA9 /* Resources */,
			);
			buildRules = (
			);
			dependencies = (
				1ABBB11B2C495D0F0077EBA9 /* PBXTargetDependency */,
			);
			name = ConnectifyTests;
			productName = ConnectifyTests;
			productReference = 1ABBB1192C495D0F0077EBA9 /* ConnectifyTests.xctest */;
			productType = "com.apple.product-type.bundle.unit-test";
		};
		1ABBB1222C495D0F0077EBA9 /* ConnectifyUITests */ = {
			isa = PBXNativeTarget;
			buildConfigurationList = 1ABBB1332C495D0F0077EBA9 /* Build configuration list for PBXNativeTarget "ConnectifyUITests" */;
			buildPhases = (
				1ABBB11F2C495D0F0077EBA9 /* Sources */,
				1ABBB1202C495D0F0077EBA9 /* Frameworks */,
				1ABBB1212C495D0F0077EBA9 /* Resources */,
			);
			buildRules = (
			);
			dependencies = (
				1ABBB1252C495D0F0077EBA9 /* PBXTargetDependency */,
			);
			name = ConnectifyUITests;
			productName = ConnectifyUITests;
			productReference = 1ABBB1232C495D0F0077EBA9 /* ConnectifyUITests.xctest */;
			productType = "com.apple.product-type.bundle.ui-testing";
		};
/* End PBXNativeTarget section */

/* Begin PBXProject section */
		1ABBB1002C495D0E0077EBA9 /* Project object */ = {
			isa = PBXProject;
			attributes = {
				BuildIndependentTargetsInParallel = 1;
				LastSwiftUpdateCheck = 1540;
				LastUpgradeCheck = 1540;
				TargetAttributes = {
					1ABBB1072C495D0E0077EBA9 = {
						CreatedOnToolsVersion = 15.4;
					};
					1ABBB1182C495D0F0077EBA9 = {
						CreatedOnToolsVersion = 15.4;
						TestTargetID = 1ABBB1072C495D0E0077EBA9;
					};
					1ABBB1222C495D0F0077EBA9 = {
						CreatedOnToolsVersion = 15.4;
						TestTargetID = 1ABBB1072C495D0E0077EBA9;
					};
				};
			};
			buildConfigurationList = 1ABBB1032C495D0E0077EBA9 /* Build configuration list for PBXProject "Connectify" */;
			compatibilityVersion = "Xcode 14.0";
			developmentRegion = en;
			hasScannedForEncodings = 0;
			knownRegions = (
				en,
				Base,
				ko,
			);
			mainGroup = 1ABBB0FF2C495D0E0077EBA9;
			packageReferences = (
				1AC0B0092C50EFA50007870C /* XCRemoteSwiftPackageReference "swift-composable-architecture" */,
				1AC0B00A2C50EFC40007870C /* XCRemoteSwiftPackageReference "TCACoordinators" */,
				1AC0B0102C50FCFE0007870C /* XCRemoteSwiftPackageReference "kakao-ios-sdk" */,
				1A14EC7A2C6274B600095E93 /* XCRemoteSwiftPackageReference "Alamofire" */,
				1A13E3272C67A37500CAB6F7 /* XCRemoteSwiftPackageReference "Kingfisher" */,
				1AA9E6F92C759097008A8A08 /* XCRemoteSwiftPackageReference "swift-package-manager-google-mobile-ads" */,
			);
			productRefGroup = 1ABBB1092C495D0E0077EBA9 /* Products */;
			projectDirPath = "";
			projectRoot = "";
			targets = (
				1ABBB1072C495D0E0077EBA9 /* Connectify */,
				1ABBB1182C495D0F0077EBA9 /* ConnectifyTests */,
				1ABBB1222C495D0F0077EBA9 /* ConnectifyUITests */,
			);
		};
/* End PBXProject section */

/* Begin PBXResourcesBuildPhase section */
		1ABBB1062C495D0E0077EBA9 /* Resources */ = {
			isa = PBXResourcesBuildPhase;
			buildActionMask = 2147483647;
			files = (
				1ABBB1142C495D0F0077EBA9 /* Preview Assets.xcassets in Resources */,
				1AD69E862C7E16F700E3EC67 /* Localizable.strings in Resources */,
				1ABBB1102C495D0F0077EBA9 /* Assets.xcassets in Resources */,
			);
			runOnlyForDeploymentPostprocessing = 0;
		};
		1ABBB1172C495D0F0077EBA9 /* Resources */ = {
			isa = PBXResourcesBuildPhase;
			buildActionMask = 2147483647;
			files = (
			);
			runOnlyForDeploymentPostprocessing = 0;
		};
		1ABBB1212C495D0F0077EBA9 /* Resources */ = {
			isa = PBXResourcesBuildPhase;
			buildActionMask = 2147483647;
			files = (
			);
			runOnlyForDeploymentPostprocessing = 0;
		};
/* End PBXResourcesBuildPhase section */

/* Begin PBXSourcesBuildPhase section */
		1ABBB1042C495D0E0077EBA9 /* Sources */ = {
			isa = PBXSourcesBuildPhase;
			buildActionMask = 2147483647;
			files = (
				1AF087152C50117C00CD7871 /* ProfileFeature.swift in Sources */,
				1A13E3262C67616800CAB6F7 /* HomeView.swift in Sources */,
				1ABBB1382C4967B10077EBA9 /* CounterFeature.swift in Sources */,
				1AD3CC682C7F781A00710058 /* MemberDto.swift in Sources */,
				1AD074762C7DCACE00F6B784 /* Date+Ext.swift in Sources */,
				1A14EC902C628CE100095E93 /* APIClient.swift in Sources */,
				1A14EC952C63655300095E93 /* SignClient.swift in Sources */,
				1AA9E6FE2C7714F5008A8A08 /* AdMobView.swift in Sources */,
				1AE3D7332C6375F200412398 /* KeychainHelper.swift in Sources */,
				1AD69E8C2C7E1EC100E3EC67 /* String+Ext.swift in Sources */,
				1ADBD5122C50DA2000E248D3 /* SettingView.swift in Sources */,
				1AD0747A2C7E04D100F6B784 /* MemberProfileView.swift in Sources */,
				1AF086F52C4E6CA800CD7871 /* AppView.swift in Sources */,
				1AD3CC662C7F6BFB00710058 /* FlexibleChipsView.swift in Sources */,
				1ADBD5142C50DEBB00E248D3 /* SettingFeature.swift in Sources */,
				1A13E3202C67410400CAB6F7 /* JsonDecoder+Ext.swift in Sources */,
				1A14EC842C627AD200095E93 /* ResultDto.swift in Sources */,
				1AF087092C4FF08200CD7871 /* AppFeature.swift in Sources */,
				1AA2CC092C4BA82F00CD05AF /* SignView.swift in Sources */,
				1A14EC862C627C1500095E93 /* DependencyValues.swift in Sources */,
				1ADBD5102C50488A00E248D3 /* CancelBag.swift in Sources */,
				1AE3D7312C636E0500412398 /* KakaoView.swift in Sources */,
				1AF086FB2C4E9D1600CD7871 /* SignScreen+Identifiable.swift in Sources */,
				1AF086F92C4E98DC00CD7871 /* MainCoordinator.swift in Sources */,
				1AD69E8A2C7E194D00E3EC67 /* Localized.swift in Sources */,
				1AA2CC0F2C4BAC2B00CD05AF /* SignFeature.swift in Sources */,
				1ABBB10E2C495D0E0077EBA9 /* CounterView.swift in Sources */,
				1AC6B3BE2C7C7EC800AF5830 /* HomeFeature.swift in Sources */,
				1AF086F72C4E980D00CD7871 /* SignCoordinator.swift in Sources */,
				1A14EC922C62A58B00095E93 /* KakaoAPI.swift in Sources */,
				1AC6B3C02C7D89F500AF5830 /* HomeClient.swift in Sources */,
				1AA2CC0D2C4BA96E00CD05AF /* ProfileView.swift in Sources */,
				1A13E31E2C6740E600CAB6F7 /* Encodable+Ext.swift in Sources */,
				1AF087112C5003E900CD7871 /* AccountScreen+Identifiable.swift in Sources */,
				1AF0870F2C50036400CD7871 /* AccountCoordinatorView.swift in Sources */,
				1ADBD50E2C503EBE00E248D3 /* GlobalEventService.swift in Sources */,
				1ABBB10C2C495D0E0077EBA9 /* ConnectifyApp.swift in Sources */,
			);
			runOnlyForDeploymentPostprocessing = 0;
		};
		1ABBB1152C495D0F0077EBA9 /* Sources */ = {
			isa = PBXSourcesBuildPhase;
			buildActionMask = 2147483647;
			files = (
				1ABBB11E2C495D0F0077EBA9 /* ConnectifyTests.swift in Sources */,
			);
			runOnlyForDeploymentPostprocessing = 0;
		};
		1ABBB11F2C495D0F0077EBA9 /* Sources */ = {
			isa = PBXSourcesBuildPhase;
			buildActionMask = 2147483647;
			files = (
				1ABBB12A2C495D0F0077EBA9 /* ConnectifyUITestsLaunchTests.swift in Sources */,
				1ABBB1282C495D0F0077EBA9 /* ConnectifyUITests.swift in Sources */,
			);
			runOnlyForDeploymentPostprocessing = 0;
		};
/* End PBXSourcesBuildPhase section */

/* Begin PBXTargetDependency section */
		1ABBB11B2C495D0F0077EBA9 /* PBXTargetDependency */ = {
			isa = PBXTargetDependency;
			target = 1ABBB1072C495D0E0077EBA9 /* Connectify */;
			targetProxy = 1ABBB11A2C495D0F0077EBA9 /* PBXContainerItemProxy */;
		};
		1ABBB1252C495D0F0077EBA9 /* PBXTargetDependency */ = {
			isa = PBXTargetDependency;
			target = 1ABBB1072C495D0E0077EBA9 /* Connectify */;
			targetProxy = 1ABBB1242C495D0F0077EBA9 /* PBXContainerItemProxy */;
		};
/* End PBXTargetDependency section */

/* Begin PBXVariantGroup section */
		1AD69E842C7E16F700E3EC67 /* Localizable.strings */ = {
			isa = PBXVariantGroup;
			children = (
				1AD69E852C7E16F700E3EC67 /* en */,
				1AD69E872C7E16FB00E3EC67 /* ko */,
			);
			name = Localizable.strings;
			sourceTree = "<group>";
		};
/* End PBXVariantGroup section */

/* Begin XCBuildConfiguration section */
		1ABBB12B2C495D0F0077EBA9 /* Debug */ = {
			isa = XCBuildConfiguration;
			buildSettings = {
				ALWAYS_SEARCH_USER_PATHS = NO;
				ASSETCATALOG_COMPILER_GENERATE_SWIFT_ASSET_SYMBOL_EXTENSIONS = YES;
				CLANG_ANALYZER_NONNULL = YES;
				CLANG_ANALYZER_NUMBER_OBJECT_CONVERSION = YES_AGGRESSIVE;
				CLANG_CXX_LANGUAGE_STANDARD = "gnu++20";
				CLANG_ENABLE_MODULES = YES;
				CLANG_ENABLE_OBJC_ARC = YES;
				CLANG_ENABLE_OBJC_WEAK = YES;
				CLANG_WARN_BLOCK_CAPTURE_AUTORELEASING = YES;
				CLANG_WARN_BOOL_CONVERSION = YES;
				CLANG_WARN_COMMA = YES;
				CLANG_WARN_CONSTANT_CONVERSION = YES;
				CLANG_WARN_DEPRECATED_OBJC_IMPLEMENTATIONS = YES;
				CLANG_WARN_DIRECT_OBJC_ISA_USAGE = YES_ERROR;
				CLANG_WARN_DOCUMENTATION_COMMENTS = YES;
				CLANG_WARN_EMPTY_BODY = YES;
				CLANG_WARN_ENUM_CONVERSION = YES;
				CLANG_WARN_INFINITE_RECURSION = YES;
				CLANG_WARN_INT_CONVERSION = YES;
				CLANG_WARN_NON_LITERAL_NULL_CONVERSION = YES;
				CLANG_WARN_OBJC_IMPLICIT_RETAIN_SELF = YES;
				CLANG_WARN_OBJC_LITERAL_CONVERSION = YES;
				CLANG_WARN_OBJC_ROOT_CLASS = YES_ERROR;
				CLANG_WARN_QUOTED_INCLUDE_IN_FRAMEWORK_HEADER = YES;
				CLANG_WARN_RANGE_LOOP_ANALYSIS = YES;
				CLANG_WARN_STRICT_PROTOTYPES = YES;
				CLANG_WARN_SUSPICIOUS_MOVE = YES;
				CLANG_WARN_UNGUARDED_AVAILABILITY = YES_AGGRESSIVE;
				CLANG_WARN_UNREACHABLE_CODE = YES;
				CLANG_WARN__DUPLICATE_METHOD_MATCH = YES;
				COPY_PHASE_STRIP = NO;
				DEBUG_INFORMATION_FORMAT = dwarf;
				ENABLE_STRICT_OBJC_MSGSEND = YES;
				ENABLE_TESTABILITY = YES;
				ENABLE_USER_SCRIPT_SANDBOXING = YES;
				GCC_C_LANGUAGE_STANDARD = gnu17;
				GCC_DYNAMIC_NO_PIC = NO;
				GCC_NO_COMMON_BLOCKS = YES;
				GCC_OPTIMIZATION_LEVEL = 0;
				GCC_PREPROCESSOR_DEFINITIONS = (
					"DEBUG=1",
					"$(inherited)",
				);
				GCC_WARN_64_TO_32_BIT_CONVERSION = YES;
				GCC_WARN_ABOUT_RETURN_TYPE = YES_ERROR;
				GCC_WARN_UNDECLARED_SELECTOR = YES;
				GCC_WARN_UNINITIALIZED_AUTOS = YES_AGGRESSIVE;
				GCC_WARN_UNUSED_FUNCTION = YES;
				GCC_WARN_UNUSED_VARIABLE = YES;
				LOCALIZATION_PREFERS_STRING_CATALOGS = YES;
				MTL_ENABLE_DEBUG_INFO = INCLUDE_SOURCE;
				MTL_FAST_MATH = YES;
				ONLY_ACTIVE_ARCH = YES;
				SWIFT_ACTIVE_COMPILATION_CONDITIONS = "DEBUG $(inherited)";
				SWIFT_OPTIMIZATION_LEVEL = "-Onone";
			};
			name = Debug;
		};
		1ABBB12C2C495D0F0077EBA9 /* Release */ = {
			isa = XCBuildConfiguration;
			buildSettings = {
				ALWAYS_SEARCH_USER_PATHS = NO;
				ASSETCATALOG_COMPILER_GENERATE_SWIFT_ASSET_SYMBOL_EXTENSIONS = YES;
				CLANG_ANALYZER_NONNULL = YES;
				CLANG_ANALYZER_NUMBER_OBJECT_CONVERSION = YES_AGGRESSIVE;
				CLANG_CXX_LANGUAGE_STANDARD = "gnu++20";
				CLANG_ENABLE_MODULES = YES;
				CLANG_ENABLE_OBJC_ARC = YES;
				CLANG_ENABLE_OBJC_WEAK = YES;
				CLANG_WARN_BLOCK_CAPTURE_AUTORELEASING = YES;
				CLANG_WARN_BOOL_CONVERSION = YES;
				CLANG_WARN_COMMA = YES;
				CLANG_WARN_CONSTANT_CONVERSION = YES;
				CLANG_WARN_DEPRECATED_OBJC_IMPLEMENTATIONS = YES;
				CLANG_WARN_DIRECT_OBJC_ISA_USAGE = YES_ERROR;
				CLANG_WARN_DOCUMENTATION_COMMENTS = YES;
				CLANG_WARN_EMPTY_BODY = YES;
				CLANG_WARN_ENUM_CONVERSION = YES;
				CLANG_WARN_INFINITE_RECURSION = YES;
				CLANG_WARN_INT_CONVERSION = YES;
				CLANG_WARN_NON_LITERAL_NULL_CONVERSION = YES;
				CLANG_WARN_OBJC_IMPLICIT_RETAIN_SELF = YES;
				CLANG_WARN_OBJC_LITERAL_CONVERSION = YES;
				CLANG_WARN_OBJC_ROOT_CLASS = YES_ERROR;
				CLANG_WARN_QUOTED_INCLUDE_IN_FRAMEWORK_HEADER = YES;
				CLANG_WARN_RANGE_LOOP_ANALYSIS = YES;
				CLANG_WARN_STRICT_PROTOTYPES = YES;
				CLANG_WARN_SUSPICIOUS_MOVE = YES;
				CLANG_WARN_UNGUARDED_AVAILABILITY = YES_AGGRESSIVE;
				CLANG_WARN_UNREACHABLE_CODE = YES;
				CLANG_WARN__DUPLICATE_METHOD_MATCH = YES;
				COPY_PHASE_STRIP = NO;
				DEBUG_INFORMATION_FORMAT = "dwarf-with-dsym";
				ENABLE_NS_ASSERTIONS = NO;
				ENABLE_STRICT_OBJC_MSGSEND = YES;
				ENABLE_USER_SCRIPT_SANDBOXING = YES;
				GCC_C_LANGUAGE_STANDARD = gnu17;
				GCC_NO_COMMON_BLOCKS = YES;
				GCC_WARN_64_TO_32_BIT_CONVERSION = YES;
				GCC_WARN_ABOUT_RETURN_TYPE = YES_ERROR;
				GCC_WARN_UNDECLARED_SELECTOR = YES;
				GCC_WARN_UNINITIALIZED_AUTOS = YES_AGGRESSIVE;
				GCC_WARN_UNUSED_FUNCTION = YES;
				GCC_WARN_UNUSED_VARIABLE = YES;
				LOCALIZATION_PREFERS_STRING_CATALOGS = YES;
				MTL_ENABLE_DEBUG_INFO = NO;
				MTL_FAST_MATH = YES;
				SWIFT_ACTIVE_COMPILATION_CONDITIONS = RELEASE;
				SWIFT_COMPILATION_MODE = wholemodule;
			};
			name = Release;
		};
		1ABBB12E2C495D0F0077EBA9 /* Debug */ = {
			isa = XCBuildConfiguration;
			baseConfigurationReference = 1A14EC932C635B7200095E93 /* Secrets.xcconfig */;
			buildSettings = {
				ASSETCATALOG_COMPILER_APPICON_NAME = AppIcon;
				ASSETCATALOG_COMPILER_GLOBAL_ACCENT_COLOR_NAME = AccentColor;
				CODE_SIGN_ENTITLEMENTS = Connectify/Connectify.entitlements;
				CODE_SIGN_STYLE = Automatic;
				CURRENT_PROJECT_VERSION = 1;
				DEVELOPMENT_ASSET_PATHS = "\"Connectify/Preview Content\"";
				ENABLE_PREVIEWS = YES;
				GENERATE_INFOPLIST_FILE = YES;
				INFOPLIST_FILE = Connectify/Info.plist;
				"INFOPLIST_KEY_UIApplicationSceneManifest_Generation[sdk=iphoneos*]" = YES;
				"INFOPLIST_KEY_UIApplicationSceneManifest_Generation[sdk=iphonesimulator*]" = YES;
				"INFOPLIST_KEY_UIApplicationSupportsIndirectInputEvents[sdk=iphoneos*]" = YES;
				"INFOPLIST_KEY_UIApplicationSupportsIndirectInputEvents[sdk=iphonesimulator*]" = YES;
				"INFOPLIST_KEY_UILaunchScreen_Generation[sdk=iphoneos*]" = YES;
				"INFOPLIST_KEY_UILaunchScreen_Generation[sdk=iphonesimulator*]" = YES;
				"INFOPLIST_KEY_UIStatusBarStyle[sdk=iphoneos*]" = UIStatusBarStyleDefault;
				"INFOPLIST_KEY_UIStatusBarStyle[sdk=iphonesimulator*]" = UIStatusBarStyleDefault;
				INFOPLIST_KEY_UISupportedInterfaceOrientations_iPad = "UIInterfaceOrientationPortrait UIInterfaceOrientationPortraitUpsideDown UIInterfaceOrientationLandscapeLeft UIInterfaceOrientationLandscapeRight";
				INFOPLIST_KEY_UISupportedInterfaceOrientations_iPhone = "UIInterfaceOrientationPortrait UIInterfaceOrientationLandscapeLeft UIInterfaceOrientationLandscapeRight";
				IPHONEOS_DEPLOYMENT_TARGET = 16.4;
				LD_RUNPATH_SEARCH_PATHS = "@executable_path/Frameworks";
				"LD_RUNPATH_SEARCH_PATHS[sdk=macosx*]" = "@executable_path/../Frameworks";
				MACOSX_DEPLOYMENT_TARGET = 14.5;
				MARKETING_VERSION = 1.0;
				NEW_SETTING = "";
				PRODUCT_BUNDLE_IDENTIFIER = com.alphalabs.Connectify;
				PRODUCT_NAME = "$(TARGET_NAME)";
				SDKROOT = auto;
				SUPPORTED_PLATFORMS = "iphoneos iphonesimulator";
				SUPPORTS_MACCATALYST = NO;
				SWIFT_EMIT_LOC_STRINGS = YES;
				SWIFT_VERSION = 5.0;
				TARGETED_DEVICE_FAMILY = "1,2";
			};
			name = Debug;
		};
		1ABBB12F2C495D0F0077EBA9 /* Release */ = {
			isa = XCBuildConfiguration;
			baseConfigurationReference = 1A14EC932C635B7200095E93 /* Secrets.xcconfig */;
			buildSettings = {
				ASSETCATALOG_COMPILER_APPICON_NAME = AppIcon;
				ASSETCATALOG_COMPILER_GLOBAL_ACCENT_COLOR_NAME = AccentColor;
				CODE_SIGN_ENTITLEMENTS = Connectify/Connectify.entitlements;
				CODE_SIGN_STYLE = Automatic;
				CURRENT_PROJECT_VERSION = 1;
				DEVELOPMENT_ASSET_PATHS = "\"Connectify/Preview Content\"";
				ENABLE_PREVIEWS = YES;
				GENERATE_INFOPLIST_FILE = YES;
				INFOPLIST_FILE = Connectify/Info.plist;
				"INFOPLIST_KEY_UIApplicationSceneManifest_Generation[sdk=iphoneos*]" = YES;
				"INFOPLIST_KEY_UIApplicationSceneManifest_Generation[sdk=iphonesimulator*]" = YES;
				"INFOPLIST_KEY_UIApplicationSupportsIndirectInputEvents[sdk=iphoneos*]" = YES;
				"INFOPLIST_KEY_UIApplicationSupportsIndirectInputEvents[sdk=iphonesimulator*]" = YES;
				"INFOPLIST_KEY_UILaunchScreen_Generation[sdk=iphoneos*]" = YES;
				"INFOPLIST_KEY_UILaunchScreen_Generation[sdk=iphonesimulator*]" = YES;
				"INFOPLIST_KEY_UIStatusBarStyle[sdk=iphoneos*]" = UIStatusBarStyleDefault;
				"INFOPLIST_KEY_UIStatusBarStyle[sdk=iphonesimulator*]" = UIStatusBarStyleDefault;
				INFOPLIST_KEY_UISupportedInterfaceOrientations_iPad = "UIInterfaceOrientationPortrait UIInterfaceOrientationPortraitUpsideDown UIInterfaceOrientationLandscapeLeft UIInterfaceOrientationLandscapeRight";
				INFOPLIST_KEY_UISupportedInterfaceOrientations_iPhone = "UIInterfaceOrientationPortrait UIInterfaceOrientationLandscapeLeft UIInterfaceOrientationLandscapeRight";
				IPHONEOS_DEPLOYMENT_TARGET = 16.4;
				LD_RUNPATH_SEARCH_PATHS = "@executable_path/Frameworks";
				"LD_RUNPATH_SEARCH_PATHS[sdk=macosx*]" = "@executable_path/../Frameworks";
				MACOSX_DEPLOYMENT_TARGET = 14.5;
				MARKETING_VERSION = 1.0;
				NEW_SETTING = "";
				PRODUCT_BUNDLE_IDENTIFIER = com.alphalabs.Connectify;
				PRODUCT_NAME = "$(TARGET_NAME)";
				SDKROOT = auto;
				SUPPORTED_PLATFORMS = "iphoneos iphonesimulator";
				SUPPORTS_MACCATALYST = NO;
				SWIFT_EMIT_LOC_STRINGS = YES;
				SWIFT_VERSION = 5.0;
				TARGETED_DEVICE_FAMILY = "1,2";
			};
			name = Release;
		};
		1ABBB1312C495D0F0077EBA9 /* Debug */ = {
			isa = XCBuildConfiguration;
			buildSettings = {
				ALWAYS_EMBED_SWIFT_STANDARD_LIBRARIES = YES;
				BUNDLE_LOADER = "$(TEST_HOST)";
				CODE_SIGN_STYLE = Automatic;
				CURRENT_PROJECT_VERSION = 1;
				GENERATE_INFOPLIST_FILE = YES;
				IPHONEOS_DEPLOYMENT_TARGET = 17.5;
				MACOSX_DEPLOYMENT_TARGET = 14.5;
				MARKETING_VERSION = 1.0;
				PRODUCT_BUNDLE_IDENTIFIER = alphalabs.ConnectifyTests;
				PRODUCT_NAME = "$(TARGET_NAME)";
				SDKROOT = auto;
				SUPPORTED_PLATFORMS = "iphoneos iphonesimulator macosx";
				SWIFT_EMIT_LOC_STRINGS = NO;
				SWIFT_VERSION = 5.0;
				TARGETED_DEVICE_FAMILY = "1,2";
				TEST_HOST = "$(BUILT_PRODUCTS_DIR)/Connectify.app/$(BUNDLE_EXECUTABLE_FOLDER_PATH)/Connectify";
			};
			name = Debug;
		};
		1ABBB1322C495D0F0077EBA9 /* Release */ = {
			isa = XCBuildConfiguration;
			buildSettings = {
				ALWAYS_EMBED_SWIFT_STANDARD_LIBRARIES = YES;
				BUNDLE_LOADER = "$(TEST_HOST)";
				CODE_SIGN_STYLE = Automatic;
				CURRENT_PROJECT_VERSION = 1;
				GENERATE_INFOPLIST_FILE = YES;
				IPHONEOS_DEPLOYMENT_TARGET = 17.5;
				MACOSX_DEPLOYMENT_TARGET = 14.5;
				MARKETING_VERSION = 1.0;
				PRODUCT_BUNDLE_IDENTIFIER = alphalabs.ConnectifyTests;
				PRODUCT_NAME = "$(TARGET_NAME)";
				SDKROOT = auto;
				SUPPORTED_PLATFORMS = "iphoneos iphonesimulator macosx";
				SWIFT_EMIT_LOC_STRINGS = NO;
				SWIFT_VERSION = 5.0;
				TARGETED_DEVICE_FAMILY = "1,2";
				TEST_HOST = "$(BUILT_PRODUCTS_DIR)/Connectify.app/$(BUNDLE_EXECUTABLE_FOLDER_PATH)/Connectify";
			};
			name = Release;
		};
		1ABBB1342C495D0F0077EBA9 /* Debug */ = {
			isa = XCBuildConfiguration;
			buildSettings = {
				ALWAYS_EMBED_SWIFT_STANDARD_LIBRARIES = YES;
				CODE_SIGN_STYLE = Automatic;
				CURRENT_PROJECT_VERSION = 1;
				GENERATE_INFOPLIST_FILE = YES;
				IPHONEOS_DEPLOYMENT_TARGET = 17.5;
				MACOSX_DEPLOYMENT_TARGET = 14.5;
				MARKETING_VERSION = 1.0;
				PRODUCT_BUNDLE_IDENTIFIER = alphalabs.ConnectifyUITests;
				PRODUCT_NAME = "$(TARGET_NAME)";
				SDKROOT = auto;
				SUPPORTED_PLATFORMS = "iphoneos iphonesimulator macosx";
				SWIFT_EMIT_LOC_STRINGS = NO;
				SWIFT_VERSION = 5.0;
				TARGETED_DEVICE_FAMILY = "1,2";
				TEST_TARGET_NAME = Connectify;
			};
			name = Debug;
		};
		1ABBB1352C495D0F0077EBA9 /* Release */ = {
			isa = XCBuildConfiguration;
			buildSettings = {
				ALWAYS_EMBED_SWIFT_STANDARD_LIBRARIES = YES;
				CODE_SIGN_STYLE = Automatic;
				CURRENT_PROJECT_VERSION = 1;
				GENERATE_INFOPLIST_FILE = YES;
				IPHONEOS_DEPLOYMENT_TARGET = 17.5;
				MACOSX_DEPLOYMENT_TARGET = 14.5;
				MARKETING_VERSION = 1.0;
				PRODUCT_BUNDLE_IDENTIFIER = alphalabs.ConnectifyUITests;
				PRODUCT_NAME = "$(TARGET_NAME)";
				SDKROOT = auto;
				SUPPORTED_PLATFORMS = "iphoneos iphonesimulator macosx";
				SWIFT_EMIT_LOC_STRINGS = NO;
				SWIFT_VERSION = 5.0;
				TARGETED_DEVICE_FAMILY = "1,2";
				TEST_TARGET_NAME = Connectify;
			};
			name = Release;
		};
		1AD69E8D2C7F180C00E3EC67 /* Local */ = {
			isa = XCBuildConfiguration;
			buildSettings = {
				ALWAYS_SEARCH_USER_PATHS = NO;
				ASSETCATALOG_COMPILER_GENERATE_SWIFT_ASSET_SYMBOL_EXTENSIONS = YES;
				CLANG_ANALYZER_NONNULL = YES;
				CLANG_ANALYZER_NUMBER_OBJECT_CONVERSION = YES_AGGRESSIVE;
				CLANG_CXX_LANGUAGE_STANDARD = "gnu++20";
				CLANG_ENABLE_MODULES = YES;
				CLANG_ENABLE_OBJC_ARC = YES;
				CLANG_ENABLE_OBJC_WEAK = YES;
				CLANG_WARN_BLOCK_CAPTURE_AUTORELEASING = YES;
				CLANG_WARN_BOOL_CONVERSION = YES;
				CLANG_WARN_COMMA = YES;
				CLANG_WARN_CONSTANT_CONVERSION = YES;
				CLANG_WARN_DEPRECATED_OBJC_IMPLEMENTATIONS = YES;
				CLANG_WARN_DIRECT_OBJC_ISA_USAGE = YES_ERROR;
				CLANG_WARN_DOCUMENTATION_COMMENTS = YES;
				CLANG_WARN_EMPTY_BODY = YES;
				CLANG_WARN_ENUM_CONVERSION = YES;
				CLANG_WARN_INFINITE_RECURSION = YES;
				CLANG_WARN_INT_CONVERSION = YES;
				CLANG_WARN_NON_LITERAL_NULL_CONVERSION = YES;
				CLANG_WARN_OBJC_IMPLICIT_RETAIN_SELF = YES;
				CLANG_WARN_OBJC_LITERAL_CONVERSION = YES;
				CLANG_WARN_OBJC_ROOT_CLASS = YES_ERROR;
				CLANG_WARN_QUOTED_INCLUDE_IN_FRAMEWORK_HEADER = YES;
				CLANG_WARN_RANGE_LOOP_ANALYSIS = YES;
				CLANG_WARN_STRICT_PROTOTYPES = YES;
				CLANG_WARN_SUSPICIOUS_MOVE = YES;
				CLANG_WARN_UNGUARDED_AVAILABILITY = YES_AGGRESSIVE;
				CLANG_WARN_UNREACHABLE_CODE = YES;
				CLANG_WARN__DUPLICATE_METHOD_MATCH = YES;
				COPY_PHASE_STRIP = NO;
				DEBUG_INFORMATION_FORMAT = dwarf;
				ENABLE_STRICT_OBJC_MSGSEND = YES;
				ENABLE_TESTABILITY = YES;
				ENABLE_USER_SCRIPT_SANDBOXING = YES;
				GCC_C_LANGUAGE_STANDARD = gnu17;
				GCC_DYNAMIC_NO_PIC = NO;
				GCC_NO_COMMON_BLOCKS = YES;
				GCC_OPTIMIZATION_LEVEL = 0;
				GCC_PREPROCESSOR_DEFINITIONS = (
					"DEBUG=1",
					"$(inherited)",
				);
				GCC_WARN_64_TO_32_BIT_CONVERSION = YES;
				GCC_WARN_ABOUT_RETURN_TYPE = YES_ERROR;
				GCC_WARN_UNDECLARED_SELECTOR = YES;
				GCC_WARN_UNINITIALIZED_AUTOS = YES_AGGRESSIVE;
				GCC_WARN_UNUSED_FUNCTION = YES;
				GCC_WARN_UNUSED_VARIABLE = YES;
				LOCALIZATION_PREFERS_STRING_CATALOGS = YES;
				MTL_ENABLE_DEBUG_INFO = INCLUDE_SOURCE;
				MTL_FAST_MATH = YES;
				ONLY_ACTIVE_ARCH = YES;
				SWIFT_ACTIVE_COMPILATION_CONDITIONS = "LOCAL $(inherited)";
				SWIFT_OPTIMIZATION_LEVEL = "-Onone";
			};
			name = Local;
		};
		1AD69E8E2C7F180C00E3EC67 /* Local */ = {
			isa = XCBuildConfiguration;
			baseConfigurationReference = 1A14EC932C635B7200095E93 /* Secrets.xcconfig */;
			buildSettings = {
				ASSETCATALOG_COMPILER_APPICON_NAME = AppIcon;
				ASSETCATALOG_COMPILER_GLOBAL_ACCENT_COLOR_NAME = AccentColor;
				CODE_SIGN_ENTITLEMENTS = Connectify/Connectify.entitlements;
				CODE_SIGN_STYLE = Automatic;
				CURRENT_PROJECT_VERSION = 1;
				DEVELOPMENT_ASSET_PATHS = "\"Connectify/Preview Content\"";
				ENABLE_PREVIEWS = YES;
				GENERATE_INFOPLIST_FILE = YES;
				INFOPLIST_FILE = Connectify/Info.plist;
				"INFOPLIST_KEY_UIApplicationSceneManifest_Generation[sdk=iphoneos*]" = YES;
				"INFOPLIST_KEY_UIApplicationSceneManifest_Generation[sdk=iphonesimulator*]" = YES;
				"INFOPLIST_KEY_UIApplicationSupportsIndirectInputEvents[sdk=iphoneos*]" = YES;
				"INFOPLIST_KEY_UIApplicationSupportsIndirectInputEvents[sdk=iphonesimulator*]" = YES;
				"INFOPLIST_KEY_UILaunchScreen_Generation[sdk=iphoneos*]" = YES;
				"INFOPLIST_KEY_UILaunchScreen_Generation[sdk=iphonesimulator*]" = YES;
				"INFOPLIST_KEY_UIStatusBarStyle[sdk=iphoneos*]" = UIStatusBarStyleDefault;
				"INFOPLIST_KEY_UIStatusBarStyle[sdk=iphonesimulator*]" = UIStatusBarStyleDefault;
				INFOPLIST_KEY_UISupportedInterfaceOrientations_iPad = "UIInterfaceOrientationPortrait UIInterfaceOrientationPortraitUpsideDown UIInterfaceOrientationLandscapeLeft UIInterfaceOrientationLandscapeRight";
				INFOPLIST_KEY_UISupportedInterfaceOrientations_iPhone = "UIInterfaceOrientationPortrait UIInterfaceOrientationLandscapeLeft UIInterfaceOrientationLandscapeRight";
				IPHONEOS_DEPLOYMENT_TARGET = 16.4;
				LD_RUNPATH_SEARCH_PATHS = "@executable_path/Frameworks";
				"LD_RUNPATH_SEARCH_PATHS[sdk=macosx*]" = "@executable_path/../Frameworks";
				MACOSX_DEPLOYMENT_TARGET = 14.5;
				MARKETING_VERSION = 1.0;
				NEW_SETTING = "";
				PRODUCT_BUNDLE_IDENTIFIER = com.alphalabs.Connectify;
				PRODUCT_NAME = "$(TARGET_NAME)";
				SDKROOT = auto;
				SUPPORTED_PLATFORMS = "iphoneos iphonesimulator";
				SUPPORTS_MACCATALYST = NO;
				SWIFT_EMIT_LOC_STRINGS = YES;
				SWIFT_VERSION = 5.0;
				TARGETED_DEVICE_FAMILY = "1,2";
			};
			name = Local;
		};
		1AD69E8F2C7F180C00E3EC67 /* Local */ = {
			isa = XCBuildConfiguration;
			buildSettings = {
				ALWAYS_EMBED_SWIFT_STANDARD_LIBRARIES = YES;
				BUNDLE_LOADER = "$(TEST_HOST)";
				CODE_SIGN_STYLE = Automatic;
				CURRENT_PROJECT_VERSION = 1;
				GENERATE_INFOPLIST_FILE = YES;
				IPHONEOS_DEPLOYMENT_TARGET = 17.5;
				MACOSX_DEPLOYMENT_TARGET = 14.5;
				MARKETING_VERSION = 1.0;
				PRODUCT_BUNDLE_IDENTIFIER = alphalabs.ConnectifyTests;
				PRODUCT_NAME = "$(TARGET_NAME)";
				SDKROOT = auto;
				SUPPORTED_PLATFORMS = "iphoneos iphonesimulator macosx";
				SWIFT_EMIT_LOC_STRINGS = NO;
				SWIFT_VERSION = 5.0;
				TARGETED_DEVICE_FAMILY = "1,2";
				TEST_HOST = "$(BUILT_PRODUCTS_DIR)/Connectify.app/$(BUNDLE_EXECUTABLE_FOLDER_PATH)/Connectify";
			};
			name = Local;
		};
		1AD69E902C7F180C00E3EC67 /* Local */ = {
			isa = XCBuildConfiguration;
			buildSettings = {
				ALWAYS_EMBED_SWIFT_STANDARD_LIBRARIES = YES;
				CODE_SIGN_STYLE = Automatic;
				CURRENT_PROJECT_VERSION = 1;
				GENERATE_INFOPLIST_FILE = YES;
				IPHONEOS_DEPLOYMENT_TARGET = 17.5;
				MACOSX_DEPLOYMENT_TARGET = 14.5;
				MARKETING_VERSION = 1.0;
				PRODUCT_BUNDLE_IDENTIFIER = alphalabs.ConnectifyUITests;
				PRODUCT_NAME = "$(TARGET_NAME)";
				SDKROOT = auto;
				SUPPORTED_PLATFORMS = "iphoneos iphonesimulator macosx";
				SWIFT_EMIT_LOC_STRINGS = NO;
				SWIFT_VERSION = 5.0;
				TARGETED_DEVICE_FAMILY = "1,2";
				TEST_TARGET_NAME = Connectify;
			};
			name = Local;
		};
/* End XCBuildConfiguration section */

/* Begin XCConfigurationList section */
		1ABBB1032C495D0E0077EBA9 /* Build configuration list for PBXProject "Connectify" */ = {
			isa = XCConfigurationList;
			buildConfigurations = (
				1ABBB12B2C495D0F0077EBA9 /* Debug */,
				1AD69E8D2C7F180C00E3EC67 /* Local */,
				1ABBB12C2C495D0F0077EBA9 /* Release */,
			);
			defaultConfigurationIsVisible = 0;
			defaultConfigurationName = Release;
		};
		1ABBB12D2C495D0F0077EBA9 /* Build configuration list for PBXNativeTarget "Connectify" */ = {
			isa = XCConfigurationList;
			buildConfigurations = (
				1ABBB12E2C495D0F0077EBA9 /* Debug */,
				1AD69E8E2C7F180C00E3EC67 /* Local */,
				1ABBB12F2C495D0F0077EBA9 /* Release */,
			);
			defaultConfigurationIsVisible = 0;
			defaultConfigurationName = Release;
		};
		1ABBB1302C495D0F0077EBA9 /* Build configuration list for PBXNativeTarget "ConnectifyTests" */ = {
			isa = XCConfigurationList;
			buildConfigurations = (
				1ABBB1312C495D0F0077EBA9 /* Debug */,
				1AD69E8F2C7F180C00E3EC67 /* Local */,
				1ABBB1322C495D0F0077EBA9 /* Release */,
			);
			defaultConfigurationIsVisible = 0;
			defaultConfigurationName = Release;
		};
		1ABBB1332C495D0F0077EBA9 /* Build configuration list for PBXNativeTarget "ConnectifyUITests" */ = {
			isa = XCConfigurationList;
			buildConfigurations = (
				1ABBB1342C495D0F0077EBA9 /* Debug */,
				1AD69E902C7F180C00E3EC67 /* Local */,
				1ABBB1352C495D0F0077EBA9 /* Release */,
			);
			defaultConfigurationIsVisible = 0;
			defaultConfigurationName = Release;
		};
/* End XCConfigurationList section */

/* Begin XCRemoteSwiftPackageReference section */
		1A13E3272C67A37500CAB6F7 /* XCRemoteSwiftPackageReference "Kingfisher" */ = {
			isa = XCRemoteSwiftPackageReference;
			repositoryURL = "https://github.com/onevcat/Kingfisher.git";
			requirement = {
				kind = upToNextMajorVersion;
				minimumVersion = 7.12.0;
			};
		};
		1A14EC7A2C6274B600095E93 /* XCRemoteSwiftPackageReference "Alamofire" */ = {
			isa = XCRemoteSwiftPackageReference;
			repositoryURL = "https://github.com/Alamofire/Alamofire.git";
			requirement = {
				kind = upToNextMajorVersion;
				minimumVersion = 5.9.1;
			};
		};
		1AA9E6F92C759097008A8A08 /* XCRemoteSwiftPackageReference "swift-package-manager-google-mobile-ads" */ = {
			isa = XCRemoteSwiftPackageReference;
			repositoryURL = "https://github.com/googleads/swift-package-manager-google-mobile-ads.git";
			requirement = {
				kind = upToNextMajorVersion;
				minimumVersion = 11.8.0;
			};
		};
		1AC0B0092C50EFA50007870C /* XCRemoteSwiftPackageReference "swift-composable-architecture" */ = {
			isa = XCRemoteSwiftPackageReference;
			repositoryURL = "https://github.com/pointfreeco/swift-composable-architecture";
			requirement = {
				kind = upToNextMajorVersion;
				minimumVersion = 1.12.0;
			};
		};
		1AC0B00A2C50EFC40007870C /* XCRemoteSwiftPackageReference "TCACoordinators" */ = {
			isa = XCRemoteSwiftPackageReference;
			repositoryURL = "https://github.com/johnpatrickmorgan/TCACoordinators";
			requirement = {
				kind = upToNextMajorVersion;
				minimumVersion = 0.10.1;
			};
		};
		1AC0B0102C50FCFE0007870C /* XCRemoteSwiftPackageReference "kakao-ios-sdk" */ = {
			isa = XCRemoteSwiftPackageReference;
			repositoryURL = "https://github.com/kakao/kakao-ios-sdk";
			requirement = {
				branch = master;
				kind = branch;
			};
		};
/* End XCRemoteSwiftPackageReference section */

/* Begin XCSwiftPackageProductDependency section */
		1A13E3282C67A37500CAB6F7 /* Kingfisher */ = {
			isa = XCSwiftPackageProductDependency;
			package = 1A13E3272C67A37500CAB6F7 /* XCRemoteSwiftPackageReference "Kingfisher" */;
			productName = Kingfisher;
		};
		1A6BE4F02C6687EF00B4C337 /* ComposableArchitecture */ = {
			isa = XCSwiftPackageProductDependency;
			package = 1AC0B0092C50EFA50007870C /* XCRemoteSwiftPackageReference "swift-composable-architecture" */;
			productName = ComposableArchitecture;
		};
		1A6BE4F22C6687EF00B4C337 /* TCACoordinators */ = {
			isa = XCSwiftPackageProductDependency;
			package = 1AC0B00A2C50EFC40007870C /* XCRemoteSwiftPackageReference "TCACoordinators" */;
			productName = TCACoordinators;
		};
		1A6BE4F42C6687EF00B4C337 /* KakaoSDK */ = {
			isa = XCSwiftPackageProductDependency;
			package = 1AC0B0102C50FCFE0007870C /* XCRemoteSwiftPackageReference "kakao-ios-sdk" */;
			productName = KakaoSDK;
		};
		1A6BE4F62C6687EF00B4C337 /* Alamofire */ = {
			isa = XCSwiftPackageProductDependency;
			package = 1A14EC7A2C6274B600095E93 /* XCRemoteSwiftPackageReference "Alamofire" */;
			productName = Alamofire;
		};
		1AA9E6FA2C759097008A8A08 /* GoogleMobileAds */ = {
			isa = XCSwiftPackageProductDependency;
			package = 1AA9E6F92C759097008A8A08 /* XCRemoteSwiftPackageReference "swift-package-manager-google-mobile-ads" */;
			productName = GoogleMobileAds;
		};
/* End XCSwiftPackageProductDependency section */
	};
	rootObject = 1ABBB1002C495D0E0077EBA9 /* Project object */;
}
